schema: '2.0'
stages:
  update_config:
    cmd: "dc_ose_2021-metrics --cfg job | python scripts/wrap_yaml.py --key metrics
      > full_config.yaml\ndc_ose_2021-input_data --cfg job | python scripts/wrap_yaml.py
      --key input_data >> full_config.yaml\n"
    outs:
    - path: full_config.yaml
      hash: md5
      md5: ad7ce332f77ff93a9d4085970c42d12f
      size: 5011
  input_data/fetch_data@alg:
    cmd: dc_ose_2021-input_data 'to_run=[_01_dl_track]' params.sat=alg
    deps:
    - path: ../ocb_dc_ose_2021/pipelines/input_data.py
      hash: md5
      md5: 884e57974c038af61fc9378806eb2e6e
      size: 1743
    params:
      full_config.yaml:
        input_data.stages._01_dl_track:
          _partial_: true
          _target_: copernicusmarine.python_interface.get.get
          dataset_id:
            _target_: ocb_dc_ose_2021.mods.cmems_get.duacs_l3
            sat: ${....params.sat}
          force_download: true
          output_directory: data/downloads/input/${...params.sat}
          overwrite_output_data: true
          regex:
            _target_: ocb_dc_ose_2021.mods.cmems_get.month_regex_from_date
            max_time: ${....params.max_time}
            min_time: ${....params.min_time}
    outs:
    - path: data/downloads/input/alg
      hash: md5
      md5: 866ba8fa07117cb1402a10d96b468414.dir
      size: 217871259
      nfiles: 455
  input_data/fetch_data@h2ag:
    cmd: dc_ose_2021-input_data 'to_run=[_01_dl_track]' params.sat=h2ag
    deps:
    - path: ../ocb_dc_ose_2021/pipelines/input_data.py
      hash: md5
      md5: 884e57974c038af61fc9378806eb2e6e
      size: 1743
    params:
      full_config.yaml:
        input_data.stages._01_dl_track:
          _partial_: true
          _target_: copernicusmarine.python_interface.get.get
          dataset_id:
            _target_: ocb_dc_ose_2021.mods.cmems_get.duacs_l3
            sat: ${....params.sat}
          force_download: true
          output_directory: data/downloads/input/${...params.sat}
          overwrite_output_data: true
          regex:
            _target_: ocb_dc_ose_2021.mods.cmems_get.month_regex_from_date
            max_time: ${....params.max_time}
            min_time: ${....params.min_time}
    outs:
    - path: data/downloads/input/h2ag
      hash: md5
      md5: 8a0b36d0aaa0631b071c0175e19aeab4.dir
      size: 199097299
      nfiles: 426
  input_data/fetch_data@j2g:
    cmd: dc_ose_2021-input_data 'to_run=[_01_dl_track]' params.sat=j2g
    deps:
    - path: ../ocb_dc_ose_2021/pipelines/input_data.py
      hash: md5
      md5: 884e57974c038af61fc9378806eb2e6e
      size: 1743
    params:
      full_config.yaml:
        input_data.stages._01_dl_track:
          _partial_: true
          _target_: copernicusmarine.python_interface.get.get
          dataset_id:
            _target_: ocb_dc_ose_2021.mods.cmems_get.duacs_l3
            sat: ${....params.sat}
          force_download: true
          output_directory: data/downloads/input/${...params.sat}
          overwrite_output_data: true
          regex:
            _target_: ocb_dc_ose_2021.mods.cmems_get.month_regex_from_date
            max_time: ${....params.max_time}
            min_time: ${....params.min_time}
    outs:
    - path: data/downloads/input/j2g
      hash: md5
      md5: fa0c07ef89946f75f8c3e70e097a4f95.dir
      size: 35978027
      nfiles: 66
  input_data/fetch_data@j2n:
    cmd: dc_ose_2021-input_data 'to_run=[_01_dl_track]' params.sat=j2n
    deps:
    - path: ../ocb_dc_ose_2021/pipelines/input_data.py
      hash: md5
      md5: 884e57974c038af61fc9378806eb2e6e
      size: 1743
    params:
      full_config.yaml:
        input_data.stages._01_dl_track:
          _partial_: true
          _target_: copernicusmarine.python_interface.get.get
          dataset_id:
            _target_: ocb_dc_ose_2021.mods.cmems_get.duacs_l3
            sat: ${....params.sat}
          force_download: true
          output_directory: data/downloads/input/${...params.sat}
          overwrite_output_data: true
          regex:
            _target_: ocb_dc_ose_2021.mods.cmems_get.month_regex_from_date
            max_time: ${....params.max_time}
            min_time: ${....params.min_time}
    outs:
    - path: data/downloads/input/j2n
      hash: md5
      md5: c362563b0c734fe15e964e2d0e9c4162.dir
      size: 57152450
      nfiles: 110
  input_data/fetch_data@j3:
    cmd: dc_ose_2021-input_data 'to_run=[_01_dl_track]' params.sat=j3
    deps:
    - path: ../ocb_dc_ose_2021/pipelines/input_data.py
      hash: md5
      md5: 884e57974c038af61fc9378806eb2e6e
      size: 1743
    params:
      full_config.yaml:
        input_data.stages._01_dl_track:
          _partial_: true
          _target_: copernicusmarine.python_interface.get.get
          dataset_id:
            _target_: ocb_dc_ose_2021.mods.cmems_get.duacs_l3
            sat: ${....params.sat}
          force_download: true
          output_directory: data/downloads/input/${...params.sat}
          overwrite_output_data: true
          regex:
            _target_: ocb_dc_ose_2021.mods.cmems_get.month_regex_from_date
            max_time: ${....params.max_time}
            min_time: ${....params.min_time}
    outs:
    - path: data/downloads/input/j3
      hash: md5
      md5: cf2d2fd113f6ff0a3454acb87fb25ee8.dir
      size: 242218685
      nfiles: 455
  input_data/fetch_data@s3a:
    cmd: dc_ose_2021-input_data 'to_run=[_01_dl_track]' params.sat=s3a
    deps:
    - path: ../ocb_dc_ose_2021/pipelines/input_data.py
      hash: md5
      md5: 884e57974c038af61fc9378806eb2e6e
      size: 1743
    params:
      full_config.yaml:
        input_data.stages._01_dl_track:
          _partial_: true
          _target_: copernicusmarine.python_interface.get.get
          dataset_id:
            _target_: ocb_dc_ose_2021.mods.cmems_get.duacs_l3
            sat: ${....params.sat}
          force_download: true
          output_directory: data/downloads/input/${...params.sat}
          overwrite_output_data: true
          regex:
            _target_: ocb_dc_ose_2021.mods.cmems_get.month_regex_from_date
            max_time: ${....params.max_time}
            min_time: ${....params.min_time}
    outs:
    - path: data/downloads/input/s3a
      hash: md5
      md5: 5f8834f5f811bbe275036b9649e48de6.dir
      size: 218603977
      nfiles: 455
  input_data/filter_and_merge@alg:
    cmd: "dc_ose_2021-input_data 'to_run=[_02_prepare_track]' params.sat=alg\n"
    deps:
    - path: ../ocb_dc_ose_2021/pipelines/input_data.py
      hash: md5
      md5: 884e57974c038af61fc9378806eb2e6e
      size: 1743
    - path: data/downloads/input/alg
      hash: md5
      md5: 866ba8fa07117cb1402a10d96b468414.dir
      size: 217871259
      nfiles: 455
    params:
      full_config.yaml:
        input_data.stages._02_prepare_track:
          _partial_: true
          _target_: ocb_dc_ose_2021.mods.prepare_track.prepare_track
          input_paths:
            _target_: ocb_dc_ose_2021.mods.prepare_track.sorted_glob
            pathname: ${..._01_dl_track.output_directory}/**/*.nc
          output_path: data/prepared/input/${...params.sat}.nc
          preprocess:
            _partial_: true
            _target_: ocb_dc_ose_2021.mods.prepare_track.preprocess_track
            max_lat: ${....params.max_lat}
            max_lon: ${....params.max_lon}
            max_time: ${....params.max_time}
            min_lat: ${....params.min_lat}
            min_lon: ${....params.min_lon}
            min_time: ${....params.min_time}
    outs:
    - path: data/prepared/input/alg.nc
      hash: md5
      md5: 4c50d94ddc382dd5b8a7342f8b9287ee
      size: 2511152
  input_data/filter_and_merge@h2ag:
    cmd: "dc_ose_2021-input_data 'to_run=[_02_prepare_track]' params.sat=h2ag\n"
    deps:
    - path: ../ocb_dc_ose_2021/pipelines/input_data.py
      hash: md5
      md5: 884e57974c038af61fc9378806eb2e6e
      size: 1743
    - path: data/downloads/input/h2ag
      hash: md5
      md5: 8a0b36d0aaa0631b071c0175e19aeab4.dir
      size: 199097299
      nfiles: 426
    params:
      full_config.yaml:
        input_data.stages._02_prepare_track:
          _partial_: true
          _target_: ocb_dc_ose_2021.mods.prepare_track.prepare_track
          input_paths:
            _target_: ocb_dc_ose_2021.mods.prepare_track.sorted_glob
            pathname: ${..._01_dl_track.output_directory}/**/*.nc
          output_path: data/prepared/input/${...params.sat}.nc
          preprocess:
            _partial_: true
            _target_: ocb_dc_ose_2021.mods.prepare_track.preprocess_track
            max_lat: ${....params.max_lat}
            max_lon: ${....params.max_lon}
            max_time: ${....params.max_time}
            min_lat: ${....params.min_lat}
            min_lon: ${....params.min_lon}
            min_time: ${....params.min_time}
    outs:
    - path: data/prepared/input/h2ag.nc
      hash: md5
      md5: e35f672af560b4ff29b99db36db69d02
      size: 2324333
  input_data/filter_and_merge@j2g:
    cmd: "dc_ose_2021-input_data 'to_run=[_02_prepare_track]' params.sat=j2g\n"
    deps:
    - path: ../ocb_dc_ose_2021/pipelines/input_data.py
      hash: md5
      md5: 884e57974c038af61fc9378806eb2e6e
      size: 1743
    - path: data/downloads/input/j2g
      hash: md5
      md5: fa0c07ef89946f75f8c3e70e097a4f95.dir
      size: 35978027
      nfiles: 66
    params:
      full_config.yaml:
        input_data.stages._02_prepare_track:
          _partial_: true
          _target_: ocb_dc_ose_2021.mods.prepare_track.prepare_track
          input_paths:
            _target_: ocb_dc_ose_2021.mods.prepare_track.sorted_glob
            pathname: ${..._01_dl_track.output_directory}/**/*.nc
          output_path: data/prepared/input/${...params.sat}.nc
          preprocess:
            _partial_: true
            _target_: ocb_dc_ose_2021.mods.prepare_track.preprocess_track
            max_lat: ${....params.max_lat}
            max_lon: ${....params.max_lon}
            max_time: ${....params.max_time}
            min_lat: ${....params.min_lat}
            min_lon: ${....params.min_lon}
            min_time: ${....params.min_time}
    outs:
    - path: data/prepared/input/j2g.nc
      hash: md5
      md5: faa820faab2c9f2bfbef69c6aabae77e
      size: 465072
  input_data/filter_and_merge@j2n:
    cmd: "dc_ose_2021-input_data 'to_run=[_02_prepare_track]' params.sat=j2n\n"
    deps:
    - path: ../ocb_dc_ose_2021/pipelines/input_data.py
      hash: md5
      md5: 884e57974c038af61fc9378806eb2e6e
      size: 1743
    - path: data/downloads/input/j2n
      hash: md5
      md5: c362563b0c734fe15e964e2d0e9c4162.dir
      size: 57152450
      nfiles: 110
    params:
      full_config.yaml:
        input_data.stages._02_prepare_track:
          _partial_: true
          _target_: ocb_dc_ose_2021.mods.prepare_track.prepare_track
          input_paths:
            _target_: ocb_dc_ose_2021.mods.prepare_track.sorted_glob
            pathname: ${..._01_dl_track.output_directory}/**/*.nc
          output_path: data/prepared/input/${...params.sat}.nc
          preprocess:
            _partial_: true
            _target_: ocb_dc_ose_2021.mods.prepare_track.preprocess_track
            max_lat: ${....params.max_lat}
            max_lon: ${....params.max_lon}
            max_time: ${....params.max_time}
            min_lat: ${....params.min_lat}
            min_lon: ${....params.min_lon}
            min_time: ${....params.min_time}
    outs:
    - path: data/prepared/input/j2n.nc
      hash: md5
      md5: ea743b0b527698cc1ed1690e5deb0f28
      size: 719878
  input_data/filter_and_merge@j3:
    cmd: "dc_ose_2021-input_data 'to_run=[_02_prepare_track]' params.sat=j3\n"
    deps:
    - path: ../ocb_dc_ose_2021/pipelines/input_data.py
      hash: md5
      md5: 884e57974c038af61fc9378806eb2e6e
      size: 1743
    - path: data/downloads/input/j3
      hash: md5
      md5: cf2d2fd113f6ff0a3454acb87fb25ee8.dir
      size: 242218685
      nfiles: 455
    params:
      full_config.yaml:
        input_data.stages._02_prepare_track:
          _partial_: true
          _target_: ocb_dc_ose_2021.mods.prepare_track.prepare_track
          input_paths:
            _target_: ocb_dc_ose_2021.mods.prepare_track.sorted_glob
            pathname: ${..._01_dl_track.output_directory}/**/*.nc
          output_path: data/prepared/input/${...params.sat}.nc
          preprocess:
            _partial_: true
            _target_: ocb_dc_ose_2021.mods.prepare_track.preprocess_track
            max_lat: ${....params.max_lat}
            max_lon: ${....params.max_lon}
            max_time: ${....params.max_time}
            min_lat: ${....params.min_lat}
            min_lon: ${....params.min_lon}
            min_time: ${....params.min_time}
    outs:
    - path: data/prepared/input/j3.nc
      hash: md5
      md5: cdaf7d35672d583804b0f4dc1f94ea1e
      size: 2773776
  input_data/filter_and_merge@s3a:
    cmd: "dc_ose_2021-input_data 'to_run=[_02_prepare_track]' params.sat=s3a\n"
    deps:
    - path: ../ocb_dc_ose_2021/pipelines/input_data.py
      hash: md5
      md5: 884e57974c038af61fc9378806eb2e6e
      size: 1743
    - path: data/downloads/input/s3a
      hash: md5
      md5: 5f8834f5f811bbe275036b9649e48de6.dir
      size: 218603977
      nfiles: 455
    params:
      full_config.yaml:
        input_data.stages._02_prepare_track:
          _partial_: true
          _target_: ocb_dc_ose_2021.mods.prepare_track.prepare_track
          input_paths:
            _target_: ocb_dc_ose_2021.mods.prepare_track.sorted_glob
            pathname: ${..._01_dl_track.output_directory}/**/*.nc
          output_path: data/prepared/input/${...params.sat}.nc
          preprocess:
            _partial_: true
            _target_: ocb_dc_ose_2021.mods.prepare_track.preprocess_track
            max_lat: ${....params.max_lat}
            max_lon: ${....params.max_lon}
            max_time: ${....params.max_time}
            min_lat: ${....params.min_lat}
            min_lon: ${....params.min_lon}
            min_time: ${....params.min_time}
    outs:
    - path: data/prepared/input/s3a.nc
      hash: md5
      md5: 5a4206428e0b95266821587918c76b63
      size: 2602448
  diagnostics/method_output@4dvarnet:
    cmd: "mkdir -p data/downloads/method_outputs\nwget https://s3.eu-west-2.wasabisys.com/oceanbench-data-registry/dvc/a5/2381e9409cb7c6cf9be980bda9aced
      -nc -O 'data/downloads/method_outputs/4dvarnet.nc'\n"
    outs:
    - path: data/downloads/method_outputs/4dvarnet.nc
      hash: md5
      md5: a52381e9409cb7c6cf9be980bda9aced
      size: 590300748
  diagnostics/method_output@duacs:
    cmd: "mkdir -p data/downloads/method_outputs\nwget https://s3.eu-west-2.wasabisys.com/oceanbench-data-registry/dvc/95/7d74696fbf5f2b6d0c528757951b8a
      -nc -O 'data/downloads/method_outputs/duacs.nc'\n"
    outs:
    - path: data/downloads/method_outputs/duacs.nc
      hash: md5
      md5: 957d74696fbf5f2b6d0c528757951b8a
      size: 4684262
  diagnostics/fetch_reference_data:
    cmd: dc_ose_2021-metrics 'to_run=[_01_dl_track]'
    deps:
    - path: ../ocb_dc_ose_2021/pipelines/metrics.py
      hash: md5
      md5: fab002dc2a5d2fde86d26cbe409cd6ce
      size: 3321
    params:
      full_config.yaml:
        metrics.stages._01_dl_track:
          _partial_: true
          _target_: copernicusmarine.python_interface.get.get
          dataset_id:
            _target_: ocb_dc_ose_2021.mods.cmems_get.duacs_l3
            sat: ${....params.sat}
          force_download: true
          output_directory: data/downloads/ref/${...params.sat}
          overwrite_output_data: true
          regex:
            _target_: ocb_dc_ose_2021.mods.cmems_get.month_regex_from_date
            max_time: ${....params.max_time}
            min_time: ${....params.min_time}
    outs:
    - path: data/downloads/ref/c2
      hash: md5
      md5: 8e65579c4dc11a00e6d3dde2c686105c.dir
      size: 165073748
      nfiles: 362
  diagnostics/filter_and_merge_ref:
    cmd: dc_ose_2021-metrics 'to_run=[_02_prepare_track]'
    deps:
    - path: ../ocb_dc_ose_2021/pipelines/metrics.py
      hash: md5
      md5: fab002dc2a5d2fde86d26cbe409cd6ce
      size: 3321
    - path: data/downloads/ref/c2
      hash: md5
      md5: 8e65579c4dc11a00e6d3dde2c686105c.dir
      size: 165073748
      nfiles: 362
    params:
      full_config.yaml:
        metrics.stages._02_prepare_track:
          _partial_: true
          _target_: ocb_dc_ose_2021.mods.prepare_track.prepare_track
          input_paths:
            _target_: ocb_dc_ose_2021.mods.prepare_track.sorted_glob
            pathname: ${..._01_dl_track.output_directory}/**/*.nc
          output_path: data/prepared/ref/${...params.sat}.nc
          preprocess:
            _partial_: true
            _target_: ocb_dc_ose_2021.mods.prepare_track.preprocess_track
            max_lat: ${....params.max_lat}
            max_lon: ${....params.max_lon}
            max_time: ${....params.max_time}
            min_lat: ${....params.min_lat}
            min_lon: ${....params.min_lon}
            min_time: ${....params.min_time}
    outs:
    - path: data/prepared/ref/c2.nc
      hash: md5
      md5: c7a10e1b022a97856c4f6e5f85f497a6
      size: 1589616
  diagnostics/interp_on_track@4dvarnet:
    cmd: dc_ose_2021-metrics 'to_run=[_03_interp_on_track]' 'params.study_var=rec_ssh'
      'params.method=4dvarnet'
    deps:
    - path: ../ocb_dc_ose_2021/pipelines/metrics.py
      hash: md5
      md5: fab002dc2a5d2fde86d26cbe409cd6ce
      size: 3321
    - path: data/downloads/method_outputs/4dvarnet.nc
      hash: md5
      md5: a52381e9409cb7c6cf9be980bda9aced
      size: 590300748
    - path: data/prepared/ref/c2.nc
      hash: md5
      md5: c7a10e1b022a97856c4f6e5f85f497a6
      size: 1589616
    params:
      full_config.yaml:
        metrics.stages._03_interp_on_track:
          _partial_: true
          _target_: ocb_dc_ose_2021.mods.interp_on_track.interp_on_track
          grid_paths: ${...params.study_path}
          output_path: data/prepared/method_outputs/${...params.method}_on_track.nc
          preprocess_grid:
            _partial_: true
            _target_: ocb_dc_ose_2021.mods.interp_on_track.preprocess_map
            ssh_var: ${....params.study_var}
          preprocess_track:
          track_paths: ${.._02_prepare_track.output_path}
    outs:
    - path: data/prepared/method_outputs/4dvarnet_on_track.nc
      hash: md5
      md5: 4de21ad72195ef8a6ba4158a8441f560
      size: 1581680
  diagnostics/interp_on_track@duacs:
    cmd: dc_ose_2021-metrics 'to_run=[_03_interp_on_track]' 'params.study_var=ssh'
      'params.method=duacs'
    deps:
    - path: ../ocb_dc_ose_2021/pipelines/metrics.py
      hash: md5
      md5: fab002dc2a5d2fde86d26cbe409cd6ce
      size: 3321
    - path: data/downloads/method_outputs/duacs.nc
      hash: md5
      md5: 957d74696fbf5f2b6d0c528757951b8a
      size: 4684262
    - path: data/prepared/ref/c2.nc
      hash: md5
      md5: c7a10e1b022a97856c4f6e5f85f497a6
      size: 1589616
    params:
      full_config.yaml:
        metrics.stages._03_interp_on_track:
          _partial_: true
          _target_: ocb_dc_ose_2021.mods.interp_on_track.interp_on_track
          grid_paths: ${...params.study_path}
          output_path: data/prepared/method_outputs/${...params.method}_on_track.nc
          preprocess_grid:
            _partial_: true
            _target_: ocb_dc_ose_2021.mods.interp_on_track.preprocess_map
            ssh_var: ${....params.study_var}
          preprocess_track:
          track_paths: ${.._02_prepare_track.output_path}
    outs:
    - path: data/prepared/method_outputs/duacs_on_track.nc
      hash: md5
      md5: 7125d4765dc3d6dc6dfe4f20259b7cf7
      size: 1581683
  diagnostics/metric_lambdax@4dvarnet:
    cmd: dc_ose_2021-metrics 'to_run=[_04_1_lambdax]' 'params.study_var=rec_ssh' 'params.method=4dvarnet'
    deps:
    - path: ../ocb_dc_ose_2021/pipelines/metrics.py
      hash: md5
      md5: fab002dc2a5d2fde86d26cbe409cd6ce
      size: 3321
    - path: data/prepared/method_outputs/4dvarnet_on_track.nc
      hash: md5
      md5: 4de21ad72195ef8a6ba4158a8441f560
      size: 1581680
    - path: data/prepared/ref/c2.nc
      hash: md5
      md5: c7a10e1b022a97856c4f6e5f85f497a6
      size: 1589616
    params:
      full_config.yaml:
        metrics.stages._04_1_lambdax:
          _partial_: true
          _target_: ocb_dc_ose_2021.mods.lambdax.lambdax
          delta_t: 0.9434
          length_scale: 1000.0
          output_lambdax_path: data/metrics/lambdax_${...params.method}.json
          output_psd_path: data/prepared/method_outputs/psd_${...params.method}.nc
          preprocess_ref:
            _target_: aprl.utils.kw2a
            fn:
              _target_: hydra_zen.funcs.get_obj
              path: operator.itemgetter
            ssh_var: ssh
          preprocess_study:
            _target_: aprl.utils.kw2a
            fn:
              _target_: hydra_zen.funcs.get_obj
              path: operator.itemgetter
            ssh_var: ${....params.study_var}
          ref_paths: ${.._02_prepare_track.output_path}
          segment_overlapping: 0.25
          study_paths: ${.._03_interp_on_track.output_path}
          velocity: 6.77
    outs:
    - path: data/metrics/lambdax_4dvarnet.json
      hash: md5
      md5: e5986cf8adcbc1fc86634fab46e669bb
      size: 36
    - path: data/prepared/method_outputs/psd_4dvarnet.nc
      hash: md5
      md5: 79f4b93c4c922b496e0c17bb27a16c8e
      size: 8954
  diagnostics/metric_lambdax@duacs:
    cmd: dc_ose_2021-metrics 'to_run=[_04_1_lambdax]' 'params.study_var=ssh' 'params.method=duacs'
    deps:
    - path: ../ocb_dc_ose_2021/pipelines/metrics.py
      hash: md5
      md5: fab002dc2a5d2fde86d26cbe409cd6ce
      size: 3321
    - path: data/prepared/method_outputs/duacs_on_track.nc
      hash: md5
      md5: 7125d4765dc3d6dc6dfe4f20259b7cf7
      size: 1581683
    - path: data/prepared/ref/c2.nc
      hash: md5
      md5: c7a10e1b022a97856c4f6e5f85f497a6
      size: 1589616
    params:
      full_config.yaml:
        metrics.stages._04_1_lambdax:
          _partial_: true
          _target_: ocb_dc_ose_2021.mods.lambdax.lambdax
          delta_t: 0.9434
          length_scale: 1000.0
          output_lambdax_path: data/metrics/lambdax_${...params.method}.json
          output_psd_path: data/prepared/method_outputs/psd_${...params.method}.nc
          preprocess_ref:
            _target_: aprl.utils.kw2a
            fn:
              _target_: hydra_zen.funcs.get_obj
              path: operator.itemgetter
            ssh_var: ssh
          preprocess_study:
            _target_: aprl.utils.kw2a
            fn:
              _target_: hydra_zen.funcs.get_obj
              path: operator.itemgetter
            ssh_var: ${....params.study_var}
          ref_paths: ${.._02_prepare_track.output_path}
          segment_overlapping: 0.25
          study_paths: ${.._03_interp_on_track.output_path}
          velocity: 6.77
    outs:
    - path: data/metrics/lambdax_duacs.json
      hash: md5
      md5: 04308d2ded378bbe3fe473a7def73cea
      size: 36
    - path: data/prepared/method_outputs/psd_duacs.nc
      hash: md5
      md5: bb2a5a598b19cfa31fabd6636fdef624
      size: 8954
  diagnostics/metric_mu@4dvarnet:
    cmd: dc_ose_2021-metrics 'to_run=[_04_2_mu]' 'params.study_var=rec_ssh' 'params.method=4dvarnet'
    deps:
    - path: ../ocb_dc_ose_2021/pipelines/metrics.py
      hash: md5
      md5: fab002dc2a5d2fde86d26cbe409cd6ce
      size: 3321
    - path: data/prepared/method_outputs/4dvarnet_on_track.nc
      hash: md5
      md5: 4de21ad72195ef8a6ba4158a8441f560
      size: 1581680
    - path: data/prepared/ref/c2.nc
      hash: md5
      md5: c7a10e1b022a97856c4f6e5f85f497a6
      size: 1589616
    params:
      full_config.yaml:
        metrics.stages._04_2_mu:
          _partial_: true
          _target_: ocb_dc_ose_2021.mods.mu.mu
          output_path: data/metrics/mu_${...params.method}.json
          preprocess_ref:
            _target_: aprl.utils.kw2a
            fn:
              _target_: hydra_zen.funcs.get_obj
              path: operator.itemgetter
            ssh_var: ssh
          preprocess_study:
            _args_:
            - _target_: hydra_zen.funcs.get_obj
              path: operator.itemgetter
            _target_: aprl.utils.kw2a
            ssh_var: ${....params.study_var}
          ref_paths: ${.._02_prepare_track.output_path}
          study_paths: ${.._03_interp_on_track.output_path}
    outs:
    - path: data/metrics/mu_4dvarnet.json
      hash: md5
      md5: e190d3fdfc159f5503d06e739b8a84de
      size: 30
  diagnostics/metric_mu@duacs:
    cmd: dc_ose_2021-metrics 'to_run=[_04_2_mu]' 'params.study_var=ssh' 'params.method=duacs'
    deps:
    - path: ../ocb_dc_ose_2021/pipelines/metrics.py
      hash: md5
      md5: fab002dc2a5d2fde86d26cbe409cd6ce
      size: 3321
    - path: data/prepared/method_outputs/duacs_on_track.nc
      hash: md5
      md5: 7125d4765dc3d6dc6dfe4f20259b7cf7
      size: 1581683
    - path: data/prepared/ref/c2.nc
      hash: md5
      md5: c7a10e1b022a97856c4f6e5f85f497a6
      size: 1589616
    params:
      full_config.yaml:
        metrics.stages._04_2_mu:
          _partial_: true
          _target_: ocb_dc_ose_2021.mods.mu.mu
          output_path: data/metrics/mu_${...params.method}.json
          preprocess_ref:
            _target_: aprl.utils.kw2a
            fn:
              _target_: hydra_zen.funcs.get_obj
              path: operator.itemgetter
            ssh_var: ssh
          preprocess_study:
            _args_:
            - _target_: hydra_zen.funcs.get_obj
              path: operator.itemgetter
            _target_: aprl.utils.kw2a
            ssh_var: ${....params.study_var}
          ref_paths: ${.._02_prepare_track.output_path}
          study_paths: ${.._03_interp_on_track.output_path}
    outs:
    - path: data/metrics/mu_duacs.json
      hash: md5
      md5: 282e18bad1816b41ac9b1857271ee87f
      size: 30
