schema: '2.0'
stages:
  update_config:
    cmd: "oost-dc_ose_2021-metrics --cfg job --resolve | python scripts/wrap_yaml.py
      --key metrics > full_config.yaml\noost-dc_ose_2021-input_data --cfg job --resolve
      | python scripts/wrap_yaml.py --key input_data >> full_config.yaml\n"
    outs:
    - path: full_config.yaml
      hash: md5
      md5: 68adad257b66ef2dbcd12813d5d26296
      size: 31
  input_data/fetch_data@alg:
    cmd: ocb-dc_ose_2021-input_data 'to_run=[_01_dl_track]' params.sat=alg
    deps:
    - path: ../ocb_dc_ose_2021/pipelines/input_data.py
      hash: md5
      md5: 5fd8b174b83d56fcc0a9b7770638baf9
      size: 2616
    params:
      full_config.yaml:
        input_data.parts._01_dl_track:
          _partial_: true
          _target_: copernicusmarine.python_interface.get.get
          dataset_id:
            _target_: ocb_dc_ose_2021.mods.cmems_get.duacs_l3
            sat: ???
          force_download: true
          output_directory: ???
          overwrite_output_data: true
          regex:
            _target_: ocb_dc_ose_2021.mods.cmems_get.month_regex_from_date
            max_time: '2018-02-01'
            min_time: '2016-12-01'
    outs:
    - path: data/downloads/input/alg
      hash: md5
      md5: 866ba8fa07117cb1402a10d96b468414.dir
      size: 217871259
      nfiles: 455
  input_data/fetch_data@h2ag:
    cmd: ocb-dc_ose_2021-input_data 'to_run=[_01_dl_track]' params.sat=h2ag
    deps:
    - path: ../ocb_dc_ose_2021/pipelines/input_data.py
      hash: md5
      md5: 5fd8b174b83d56fcc0a9b7770638baf9
      size: 2616
    params:
      full_config.yaml:
        input_data.parts._01_dl_track:
          _partial_: true
          _target_: copernicusmarine.python_interface.get.get
          dataset_id:
            _target_: ocb_dc_ose_2021.mods.cmems_get.duacs_l3
            sat: ???
          force_download: true
          output_directory: ???
          overwrite_output_data: true
          regex:
            _target_: ocb_dc_ose_2021.mods.cmems_get.month_regex_from_date
            max_time: '2018-02-01'
            min_time: '2016-12-01'
    outs:
    - path: data/downloads/input/h2ag
      hash: md5
      md5: 8a0b36d0aaa0631b071c0175e19aeab4.dir
      size: 199097299
      nfiles: 426
  input_data/fetch_data@j2g:
    cmd: ocb-dc_ose_2021-input_data 'to_run=[_01_dl_track]' params.sat=j2g
    deps:
    - path: ../ocb_dc_ose_2021/pipelines/input_data.py
      hash: md5
      md5: 5fd8b174b83d56fcc0a9b7770638baf9
      size: 2616
    params:
      full_config.yaml:
        input_data.parts._01_dl_track:
          _partial_: true
          _target_: copernicusmarine.python_interface.get.get
          dataset_id:
            _target_: ocb_dc_ose_2021.mods.cmems_get.duacs_l3
            sat: ???
          force_download: true
          output_directory: ???
          overwrite_output_data: true
          regex:
            _target_: ocb_dc_ose_2021.mods.cmems_get.month_regex_from_date
            max_time: '2018-02-01'
            min_time: '2016-12-01'
    outs:
    - path: data/downloads/input/j2g
      hash: md5
      md5: fa0c07ef89946f75f8c3e70e097a4f95.dir
      size: 35978027
      nfiles: 66
  input_data/fetch_data@j2n:
    cmd: ocb-dc_ose_2021-input_data 'to_run=[_01_dl_track]' params.sat=j2n
    deps:
    - path: ../ocb_dc_ose_2021/pipelines/input_data.py
      hash: md5
      md5: 5fd8b174b83d56fcc0a9b7770638baf9
      size: 2616
    params:
      full_config.yaml:
        input_data.parts._01_dl_track:
          _partial_: true
          _target_: copernicusmarine.python_interface.get.get
          dataset_id:
            _target_: ocb_dc_ose_2021.mods.cmems_get.duacs_l3
            sat: ???
          force_download: true
          output_directory: ???
          overwrite_output_data: true
          regex:
            _target_: ocb_dc_ose_2021.mods.cmems_get.month_regex_from_date
            max_time: '2018-02-01'
            min_time: '2016-12-01'
    outs:
    - path: data/downloads/input/j2n
      hash: md5
      md5: c362563b0c734fe15e964e2d0e9c4162.dir
      size: 57152450
      nfiles: 110
  input_data/fetch_data@j3:
    cmd: ocb-dc_ose_2021-input_data 'to_run=[_01_dl_track]' params.sat=j3
    deps:
    - path: ../ocb_dc_ose_2021/pipelines/input_data.py
      hash: md5
      md5: 5fd8b174b83d56fcc0a9b7770638baf9
      size: 2616
    params:
      full_config.yaml:
        input_data.parts._01_dl_track:
          _partial_: true
          _target_: copernicusmarine.python_interface.get.get
          dataset_id:
            _target_: ocb_dc_ose_2021.mods.cmems_get.duacs_l3
            sat: ???
          force_download: true
          output_directory: ???
          overwrite_output_data: true
          regex:
            _target_: ocb_dc_ose_2021.mods.cmems_get.month_regex_from_date
            max_time: '2018-02-01'
            min_time: '2016-12-01'
    outs:
    - path: data/downloads/input/j3
      hash: md5
      md5: cf2d2fd113f6ff0a3454acb87fb25ee8.dir
      size: 242218685
      nfiles: 455
  input_data/fetch_data@s3a:
    cmd: ocb-dc_ose_2021-input_data 'to_run=[_01_dl_track]' params.sat=s3a
    deps:
    - path: ../ocb_dc_ose_2021/pipelines/input_data.py
      hash: md5
      md5: 5fd8b174b83d56fcc0a9b7770638baf9
      size: 2616
    params:
      full_config.yaml:
        input_data.parts._01_dl_track:
          _partial_: true
          _target_: copernicusmarine.python_interface.get.get
          dataset_id:
            _target_: ocb_dc_ose_2021.mods.cmems_get.duacs_l3
            sat: ???
          force_download: true
          output_directory: ???
          overwrite_output_data: true
          regex:
            _target_: ocb_dc_ose_2021.mods.cmems_get.month_regex_from_date
            max_time: '2018-02-01'
            min_time: '2016-12-01'
    outs:
    - path: data/downloads/input/s3a
      hash: md5
      md5: 5f8834f5f811bbe275036b9649e48de6.dir
      size: 218603977
      nfiles: 455
  input_data/filter_and_merge@alg:
    cmd: "ocb-dc_ose_2021-input_data 'to_run=[_02_prepare_track]' params.sat=alg\n"
    deps:
    - path: ../ocb_dc_ose_2021/mods/prepare_track.py
      hash: md5
      md5: 1a56cecde52c34b8f7a60764efcb92e6
      size: 3674
    - path: ../ocb_dc_ose_2021/pipelines/input_data.py
      hash: md5
      md5: 5fd8b174b83d56fcc0a9b7770638baf9
      size: 2616
    - path: data/downloads/input/alg
      hash: md5
      md5: 866ba8fa07117cb1402a10d96b468414.dir
      size: 217871259
      nfiles: 455
    params:
      full_config.yaml:
        input_data.parts._02_prepare_track:
          _partial_: true
          _target_: ocb_dc_ose_2021.mods.prepare_track.prepare_track
          input_paths:
            _target_: glob.iglob
            dir_fd:
            include_hidden: false
            pathname: ???
            recursive: true
            root_dir:
          output_path: ???
          preprocess:
            _partial_: true
            _target_: ocb_dc_ose_2021.mods.prepare_track.preprocess_track
            max_lat: 44.0
            max_lon: -54.0
            max_time: '2018-02-01'
            min_lat: 32.0
            min_lon: -66.0
            min_time: '2016-12-01'
          sort_paths: true
    outs:
    - path: data/prepared/input/alg.nc
      hash: md5
      md5: af7f1e9513afbb5d28b47fc9bc6e4cc5
      size: 2511317
  input_data/filter_and_merge@h2ag:
    cmd: "ocb-dc_ose_2021-input_data 'to_run=[_02_prepare_track]' params.sat=h2ag\n"
    deps:
    - path: ../ocb_dc_ose_2021/mods/prepare_track.py
      hash: md5
      md5: 1a56cecde52c34b8f7a60764efcb92e6
      size: 3674
    - path: ../ocb_dc_ose_2021/pipelines/input_data.py
      hash: md5
      md5: 5fd8b174b83d56fcc0a9b7770638baf9
      size: 2616
    - path: data/downloads/input/h2ag
      hash: md5
      md5: 8a0b36d0aaa0631b071c0175e19aeab4.dir
      size: 199097299
      nfiles: 426
    params:
      full_config.yaml:
        input_data.parts._02_prepare_track:
          _partial_: true
          _target_: ocb_dc_ose_2021.mods.prepare_track.prepare_track
          input_paths:
            _target_: glob.iglob
            dir_fd:
            include_hidden: false
            pathname: ???
            recursive: true
            root_dir:
          output_path: ???
          preprocess:
            _partial_: true
            _target_: ocb_dc_ose_2021.mods.prepare_track.preprocess_track
            max_lat: 44.0
            max_lon: -54.0
            max_time: '2018-02-01'
            min_lat: 32.0
            min_lon: -66.0
            min_time: '2016-12-01'
          sort_paths: true
    outs:
    - path: data/prepared/input/h2ag.nc
      hash: md5
      md5: b366217720edf8ac9c5cc2fe90d95daf
      size: 2324498
  input_data/filter_and_merge@j2g:
    cmd: "ocb-dc_ose_2021-input_data 'to_run=[_02_prepare_track]' params.sat=j2g\n"
    deps:
    - path: ../ocb_dc_ose_2021/mods/prepare_track.py
      hash: md5
      md5: 1a56cecde52c34b8f7a60764efcb92e6
      size: 3674
    - path: ../ocb_dc_ose_2021/pipelines/input_data.py
      hash: md5
      md5: 5fd8b174b83d56fcc0a9b7770638baf9
      size: 2616
    - path: data/downloads/input/j2g
      hash: md5
      md5: fa0c07ef89946f75f8c3e70e097a4f95.dir
      size: 35978027
      nfiles: 66
    params:
      full_config.yaml:
        input_data.parts._02_prepare_track:
          _partial_: true
          _target_: ocb_dc_ose_2021.mods.prepare_track.prepare_track
          input_paths:
            _target_: glob.iglob
            dir_fd:
            include_hidden: false
            pathname: ???
            recursive: true
            root_dir:
          output_path: ???
          preprocess:
            _partial_: true
            _target_: ocb_dc_ose_2021.mods.prepare_track.preprocess_track
            max_lat: 44.0
            max_lon: -54.0
            max_time: '2018-02-01'
            min_lat: 32.0
            min_lon: -66.0
            min_time: '2016-12-01'
          sort_paths: true
    outs:
    - path: data/prepared/input/j2g.nc
      hash: md5
      md5: 48e5976a1b6e39f87087d0d6b15f8f5c
      size: 465237
  input_data/filter_and_merge@j2n:
    cmd: "ocb-dc_ose_2021-input_data 'to_run=[_02_prepare_track]' params.sat=j2n\n"
    deps:
    - path: ../ocb_dc_ose_2021/mods/prepare_track.py
      hash: md5
      md5: 1a56cecde52c34b8f7a60764efcb92e6
      size: 3674
    - path: ../ocb_dc_ose_2021/pipelines/input_data.py
      hash: md5
      md5: 5fd8b174b83d56fcc0a9b7770638baf9
      size: 2616
    - path: data/downloads/input/j2n
      hash: md5
      md5: c362563b0c734fe15e964e2d0e9c4162.dir
      size: 57152450
      nfiles: 110
    params:
      full_config.yaml:
        input_data.parts._02_prepare_track:
          _partial_: true
          _target_: ocb_dc_ose_2021.mods.prepare_track.prepare_track
          input_paths:
            _target_: glob.iglob
            dir_fd:
            include_hidden: false
            pathname: ???
            recursive: true
            root_dir:
          output_path: ???
          preprocess:
            _partial_: true
            _target_: ocb_dc_ose_2021.mods.prepare_track.preprocess_track
            max_lat: 44.0
            max_lon: -54.0
            max_time: '2018-02-01'
            min_lat: 32.0
            min_lon: -66.0
            min_time: '2016-12-01'
          sort_paths: true
    outs:
    - path: data/prepared/input/j2n.nc
      hash: md5
      md5: c18bf69ae5d543384ce05ee7583cfece
      size: 720043
  input_data/filter_and_merge@j3:
    cmd: "ocb-dc_ose_2021-input_data 'to_run=[_02_prepare_track]' params.sat=j3\n"
    deps:
    - path: ../ocb_dc_ose_2021/mods/prepare_track.py
      hash: md5
      md5: 1a56cecde52c34b8f7a60764efcb92e6
      size: 3674
    - path: ../ocb_dc_ose_2021/pipelines/input_data.py
      hash: md5
      md5: 5fd8b174b83d56fcc0a9b7770638baf9
      size: 2616
    - path: data/downloads/input/j3
      hash: md5
      md5: cf2d2fd113f6ff0a3454acb87fb25ee8.dir
      size: 242218685
      nfiles: 455
    params:
      full_config.yaml:
        input_data.parts._02_prepare_track:
          _partial_: true
          _target_: ocb_dc_ose_2021.mods.prepare_track.prepare_track
          input_paths:
            _target_: glob.iglob
            dir_fd:
            include_hidden: false
            pathname: ???
            recursive: true
            root_dir:
          output_path: ???
          preprocess:
            _partial_: true
            _target_: ocb_dc_ose_2021.mods.prepare_track.preprocess_track
            max_lat: 44.0
            max_lon: -54.0
            max_time: '2018-02-01'
            min_lat: 32.0
            min_lon: -66.0
            min_time: '2016-12-01'
          sort_paths: true
    outs:
    - path: data/prepared/input/j3.nc
      hash: md5
      md5: 44942ede409cb7de39ad21fb45b04c0d
      size: 2773941
  input_data/filter_and_merge@s3a:
    cmd: "ocb-dc_ose_2021-input_data 'to_run=[_02_prepare_track]' params.sat=s3a\n"
    deps:
    - path: ../ocb_dc_ose_2021/mods/prepare_track.py
      hash: md5
      md5: 1a56cecde52c34b8f7a60764efcb92e6
      size: 3674
    - path: ../ocb_dc_ose_2021/pipelines/input_data.py
      hash: md5
      md5: 5fd8b174b83d56fcc0a9b7770638baf9
      size: 2616
    - path: data/downloads/input/s3a
      hash: md5
      md5: 5f8834f5f811bbe275036b9649e48de6.dir
      size: 218603977
      nfiles: 455
    params:
      full_config.yaml:
        input_data.parts._02_prepare_track:
          _partial_: true
          _target_: ocb_dc_ose_2021.mods.prepare_track.prepare_track
          input_paths:
            _target_: glob.iglob
            dir_fd:
            include_hidden: false
            pathname: ???
            recursive: true
            root_dir:
          output_path: ???
          preprocess:
            _partial_: true
            _target_: ocb_dc_ose_2021.mods.prepare_track.preprocess_track
            max_lat: 44.0
            max_lon: -54.0
            max_time: '2018-02-01'
            min_lat: 32.0
            min_lon: -66.0
            min_time: '2016-12-01'
          sort_paths: true
    outs:
    - path: data/prepared/input/s3a.nc
      hash: md5
      md5: 43a9aeb5e60409025150d341457a4b5d
      size: 2602613
  diagnostics/method_output@4dvarnet:
    cmd: "mkdir -p data/downloads/method_outputs\nwget https://s3.eu-west-2.wasabisys.com/oceanbench-data-registry/dvc/a5/2381e9409cb7c6cf9be980bda9aced
      -nc -O 'data/downloads/method_outputs/4dvarnet.nc'\n"
    params:
      methods.toml:
        methods.4dvarnet:
          url: 
            https://s3.eu-west-2.wasabisys.com/oceanbench-data-registry/dvc/a5/2381e9409cb7c6cf9be980bda9aced
          var: rec_ssh
    outs:
    - path: data/downloads/method_outputs/4dvarnet.nc
      hash: md5
      md5: a52381e9409cb7c6cf9be980bda9aced
      size: 590300748
  diagnostics/method_output@duacs:
    cmd: "mkdir -p data/downloads/method_outputs\nwget https://s3.eu-west-2.wasabisys.com/oceanbench-data-registry/dvc/95/7d74696fbf5f2b6d0c528757951b8a
      -nc -O 'data/downloads/method_outputs/duacs.nc'\n"
    params:
      methods.toml:
        methods.duacs:
          url: 
            https://s3.eu-west-2.wasabisys.com/oceanbench-data-registry/dvc/95/7d74696fbf5f2b6d0c528757951b8a
          var: ssh
    outs:
    - path: data/downloads/method_outputs/duacs.nc
      hash: md5
      md5: 957d74696fbf5f2b6d0c528757951b8a
      size: 4684262
  diagnostics/fetch_reference_data:
    cmd: ocb-dc_ose_2021-metrics 'to_run=[_01_dl_track]'
    deps:
    - path: ../ocb_dc_ose_2021/pipelines/metrics.py
      hash: md5
      md5: cd9272589a50578a33b6037867ef0c90
      size: 3320
    params:
      full_config.yaml:
        metrics.parts._01_dl_track:
          _partial_: true
          _target_: copernicusmarine.python_interface.get.get
          dataset_id:
            _target_: ocb_dc_ose_2021.mods.cmems_get.duacs_l3
            sat: c2
          force_download: true
          output_directory: data/downloads/ref/c2
          overwrite_output_data: true
          regex:
            _target_: ocb_dc_ose_2021.mods.cmems_get.month_regex_from_date
            max_time: '2017-12-31'
            min_time: '2017-01-01'
    outs:
    - path: data/downloads/ref/c2
      hash: md5
      md5: 8e65579c4dc11a00e6d3dde2c686105c.dir
      size: 165073748
      nfiles: 362
  diagnostics/filter_and_merge_ref:
    cmd: ocb-dc_ose_2021-metrics 'to_run=[_02_prepare_track]'
    deps:
    - path: ../ocb_dc_ose_2021/mods/prepare_track.py
      hash: md5
      md5: 1a56cecde52c34b8f7a60764efcb92e6
      size: 3674
    - path: ../ocb_dc_ose_2021/pipelines/metrics.py
      hash: md5
      md5: cd9272589a50578a33b6037867ef0c90
      size: 3320
    - path: data/downloads/ref/c2
      hash: md5
      md5: 8e65579c4dc11a00e6d3dde2c686105c.dir
      size: 165073748
      nfiles: 362
    params:
      full_config.yaml:
        metrics.parts._02_prepare_track:
          _partial_: true
          _target_: ocb_dc_ose_2021.mods.prepare_track.prepare_track
          input_paths:
            _target_: glob.iglob
            dir_fd:
            include_hidden: false
            pathname: data/downloads/ref/c2/**/*.nc
            recursive: true
            root_dir:
          output_path: data/prepared/ref/c2.nc
          preprocess:
            _partial_: true
            _target_: ocb_dc_ose_2021.mods.prepare_track.preprocess_track
            max_lat: 43.0
            max_lon: -55.0
            max_time: '2017-12-31'
            min_lat: 33.0
            min_lon: -65.0
            min_time: '2017-01-01'
          sort_paths: true
    outs:
    - path: data/prepared/ref/c2.nc
      hash: md5
      md5: 888055307c12551cb187bd39ad1651f4
      size: 1589781
  diagnostics/interp_on_track@4dvarnet:
    cmd: ocb-dc_ose_2021-metrics 'to_run=[_03_interp_on_track]' 'params.study_var=rec_ssh'
      'params.method=4dvarnet'
    deps:
    - path: ../ocb_dc_ose_2021/mods/interp_on_track.py
      hash: md5
      md5: ca8252bb760d00854798072988e249eb
      size: 3224
    - path: ../ocb_dc_ose_2021/pipelines/metrics.py
      hash: md5
      md5: cd9272589a50578a33b6037867ef0c90
      size: 3320
    - path: data/downloads/method_outputs/4dvarnet.nc
      hash: md5
      md5: a52381e9409cb7c6cf9be980bda9aced
      size: 590300748
    - path: data/prepared/ref/c2.nc
      hash: md5
      md5: 888055307c12551cb187bd39ad1651f4
      size: 1589781
    params:
      full_config.yaml:
        metrics.parts._03_interp_on_track:
          _partial_: true
          _target_: ocb_dc_ose_2021.mods.interp_on_track.interp_on_track
          grid_paths: data/downloads/method_outputs/default.nc
          output_path: data/prepared/method_outputs/default_on_track.nc
          preprocess_grid:
            _partial_: true
            _target_: ocb_dc_ose_2021.mods.interp_on_track.preprocess_map
            ssh_var: ssh
          preprocess_track:
          track_paths: data/prepared/ref/c2.nc
      methods.toml:
        methods.4dvarnet:
          url: 
            https://s3.eu-west-2.wasabisys.com/oceanbench-data-registry/dvc/a5/2381e9409cb7c6cf9be980bda9aced
          var: rec_ssh
    outs:
    - path: data/prepared/method_outputs/4dvarnet_on_track.nc
      hash: md5
      md5: 121ef7511a4edc2f4cb8b3e39ce3db6d
      size: 1581683
  diagnostics/interp_on_track@duacs:
    cmd: ocb-dc_ose_2021-metrics 'to_run=[_03_interp_on_track]' 'params.study_var=ssh'
      'params.method=duacs'
    deps:
    - path: ../ocb_dc_ose_2021/mods/interp_on_track.py
      hash: md5
      md5: ca8252bb760d00854798072988e249eb
      size: 3224
    - path: ../ocb_dc_ose_2021/pipelines/metrics.py
      hash: md5
      md5: cd9272589a50578a33b6037867ef0c90
      size: 3320
    - path: data/downloads/method_outputs/duacs.nc
      hash: md5
      md5: 957d74696fbf5f2b6d0c528757951b8a
      size: 4684262
    - path: data/prepared/ref/c2.nc
      hash: md5
      md5: 888055307c12551cb187bd39ad1651f4
      size: 1589781
    params:
      full_config.yaml:
        metrics.parts._03_interp_on_track:
          _partial_: true
          _target_: ocb_dc_ose_2021.mods.interp_on_track.interp_on_track
          grid_paths: data/downloads/method_outputs/default.nc
          output_path: data/prepared/method_outputs/default_on_track.nc
          preprocess_grid:
            _partial_: true
            _target_: ocb_dc_ose_2021.mods.interp_on_track.preprocess_map
            ssh_var: ssh
          preprocess_track:
          track_paths: data/prepared/ref/c2.nc
      methods.toml:
        methods.duacs:
          url: 
            https://s3.eu-west-2.wasabisys.com/oceanbench-data-registry/dvc/95/7d74696fbf5f2b6d0c528757951b8a
          var: ssh
    outs:
    - path: data/prepared/method_outputs/duacs_on_track.nc
      hash: md5
      md5: 0e6c410f4f978eb9321fd113201be183
      size: 1581683
  diagnostics/metric_lambdax@4dvarnet:
    cmd: ocb-dc_ose_2021-metrics 'to_run=[_04_1_lambdax]' 'params.study_var=rec_ssh'
      'params.method=4dvarnet'
    deps:
    - path: ../ocb_dc_ose_2021/mods/lambdax.py
      hash: md5
      md5: 533ca94331062a3ca40f37c88e865d20
      size: 5301
    - path: ../ocb_dc_ose_2021/pipelines/metrics.py
      hash: md5
      md5: cd9272589a50578a33b6037867ef0c90
      size: 3320
    - path: data/prepared/method_outputs/4dvarnet_on_track.nc
      hash: md5
      md5: 121ef7511a4edc2f4cb8b3e39ce3db6d
      size: 1581683
    - path: data/prepared/ref/c2.nc
      hash: md5
      md5: 888055307c12551cb187bd39ad1651f4
      size: 1589781
    params:
      full_config.yaml:
        metrics.parts._04_1_lambdax:
          _partial_: true
          _target_: ocb_dc_ose_2021.mods.lambdax.lambdax
          delta_t: 0.9434
          length_scale: 1000.0
          output_lambdax_path: data/metrics/lambdax_default.json
          output_psd_path: data/prepared/method_outputs/psd_default.nc
          preprocess_ref:
            _target_: aprl.utils.kw2a
            fn:
              _target_: hydra_zen.funcs.get_obj
              path: operator.itemgetter
            ssh_var: ssh
          preprocess_study:
            _target_: aprl.utils.kw2a
            fn:
              _target_: hydra_zen.funcs.get_obj
              path: operator.itemgetter
            ssh_var: ssh
          ref_paths: data/prepared/ref/c2.nc
          segment_overlapping: 0.25
          study_paths: data/prepared/method_outputs/default_on_track.nc
          velocity: 6.77
      methods.toml:
        methods.4dvarnet:
          url: 
            https://s3.eu-west-2.wasabisys.com/oceanbench-data-registry/dvc/a5/2381e9409cb7c6cf9be980bda9aced
          var: rec_ssh
    outs:
    - path: data/metrics/lambdax_4dvarnet.json
      hash: md5
      md5: e5986cf8adcbc1fc86634fab46e669bb
      size: 36
    - path: data/prepared/method_outputs/psd_4dvarnet.nc
      hash: md5
      md5: 82889fbd35e79e405b296dbe70e26695
      size: 8942
  diagnostics/metric_lambdax@duacs:
    cmd: ocb-dc_ose_2021-metrics 'to_run=[_04_1_lambdax]' 'params.study_var=ssh' 'params.method=duacs'
    deps:
    - path: ../ocb_dc_ose_2021/mods/lambdax.py
      hash: md5
      md5: 533ca94331062a3ca40f37c88e865d20
      size: 5301
    - path: ../ocb_dc_ose_2021/pipelines/metrics.py
      hash: md5
      md5: cd9272589a50578a33b6037867ef0c90
      size: 3320
    - path: data/prepared/method_outputs/duacs_on_track.nc
      hash: md5
      md5: 0e6c410f4f978eb9321fd113201be183
      size: 1581683
    - path: data/prepared/ref/c2.nc
      hash: md5
      md5: 888055307c12551cb187bd39ad1651f4
      size: 1589781
    params:
      full_config.yaml:
        metrics.parts._04_1_lambdax:
          _partial_: true
          _target_: ocb_dc_ose_2021.mods.lambdax.lambdax
          delta_t: 0.9434
          length_scale: 1000.0
          output_lambdax_path: data/metrics/lambdax_default.json
          output_psd_path: data/prepared/method_outputs/psd_default.nc
          preprocess_ref:
            _target_: aprl.utils.kw2a
            fn:
              _target_: hydra_zen.funcs.get_obj
              path: operator.itemgetter
            ssh_var: ssh
          preprocess_study:
            _target_: aprl.utils.kw2a
            fn:
              _target_: hydra_zen.funcs.get_obj
              path: operator.itemgetter
            ssh_var: ssh
          ref_paths: data/prepared/ref/c2.nc
          segment_overlapping: 0.25
          study_paths: data/prepared/method_outputs/default_on_track.nc
          velocity: 6.77
      methods.toml:
        methods.duacs:
          url: 
            https://s3.eu-west-2.wasabisys.com/oceanbench-data-registry/dvc/95/7d74696fbf5f2b6d0c528757951b8a
          var: ssh
    outs:
    - path: data/metrics/lambdax_duacs.json
      hash: md5
      md5: 04308d2ded378bbe3fe473a7def73cea
      size: 36
    - path: data/prepared/method_outputs/psd_duacs.nc
      hash: md5
      md5: 4e84e14d53d52341b3e88a2f5accd73e
      size: 8942
  diagnostics/metric_mu@4dvarnet:
    cmd: ocb-dc_ose_2021-metrics 'to_run=[_04_2_mu]' 'params.study_var=rec_ssh' 'params.method=4dvarnet'
    deps:
    - path: ../ocb_dc_ose_2021/mods/mu.py
      hash: md5
      md5: c2060e9858c73d550cb5ae89d2d45d20
      size: 2504
    - path: ../ocb_dc_ose_2021/pipelines/metrics.py
      hash: md5
      md5: cd9272589a50578a33b6037867ef0c90
      size: 3320
    - path: data/prepared/method_outputs/4dvarnet_on_track.nc
      hash: md5
      md5: 121ef7511a4edc2f4cb8b3e39ce3db6d
      size: 1581683
    - path: data/prepared/ref/c2.nc
      hash: md5
      md5: 888055307c12551cb187bd39ad1651f4
      size: 1589781
    params:
      full_config.yaml:
        metrics.parts._04_2_mu:
          _partial_: true
          _target_: ocb_dc_ose_2021.mods.mu.mu
          output_path: data/metrics/mu_default.json
          preprocess_ref:
            _target_: aprl.utils.kw2a
            fn:
              _target_: hydra_zen.funcs.get_obj
              path: operator.itemgetter
            ssh_var: ssh
          preprocess_study:
            _target_: aprl.utils.kw2a
            fn:
              _target_: hydra_zen.funcs.get_obj
              path: operator.itemgetter
            ssh_var: ssh
          ref_paths: data/prepared/ref/c2.nc
          study_paths: data/prepared/method_outputs/default_on_track.nc
      methods.toml:
        methods.4dvarnet:
          url: 
            https://s3.eu-west-2.wasabisys.com/oceanbench-data-registry/dvc/a5/2381e9409cb7c6cf9be980bda9aced
          var: rec_ssh
    outs:
    - path: data/metrics/mu_4dvarnet.json
      hash: md5
      md5: e190d3fdfc159f5503d06e739b8a84de
      size: 30
  diagnostics/metric_mu@duacs:
    cmd: ocb-dc_ose_2021-metrics 'to_run=[_04_2_mu]' 'params.study_var=ssh' 'params.method=duacs'
    deps:
    - path: ../ocb_dc_ose_2021/mods/mu.py
      hash: md5
      md5: c2060e9858c73d550cb5ae89d2d45d20
      size: 2504
    - path: ../ocb_dc_ose_2021/pipelines/metrics.py
      hash: md5
      md5: cd9272589a50578a33b6037867ef0c90
      size: 3320
    - path: data/prepared/method_outputs/duacs_on_track.nc
      hash: md5
      md5: 0e6c410f4f978eb9321fd113201be183
      size: 1581683
    - path: data/prepared/ref/c2.nc
      hash: md5
      md5: 888055307c12551cb187bd39ad1651f4
      size: 1589781
    params:
      full_config.yaml:
        metrics.parts._04_2_mu:
          _partial_: true
          _target_: ocb_dc_ose_2021.mods.mu.mu
          output_path: data/metrics/mu_default.json
          preprocess_ref:
            _target_: aprl.utils.kw2a
            fn:
              _target_: hydra_zen.funcs.get_obj
              path: operator.itemgetter
            ssh_var: ssh
          preprocess_study:
            _target_: aprl.utils.kw2a
            fn:
              _target_: hydra_zen.funcs.get_obj
              path: operator.itemgetter
            ssh_var: ssh
          ref_paths: data/prepared/ref/c2.nc
          study_paths: data/prepared/method_outputs/default_on_track.nc
      methods.toml:
        methods.duacs:
          url: 
            https://s3.eu-west-2.wasabisys.com/oceanbench-data-registry/dvc/95/7d74696fbf5f2b6d0c528757951b8a
          var: ssh
    outs:
    - path: data/metrics/mu_duacs.json
      hash: md5
      md5: 282e18bad1816b41ac9b1857271ee87f
      size: 30
