schema: '2.0'
stages:
  update_config:
    cmd: "ocb-dc_ose_2021-metrics --cfg job --resolve | python scripts/wrap_yaml.py
      --key metrics > full_config.yaml\nocb-dc_ose_2021-input_data --cfg job --resolve
      | python scripts/wrap_yaml.py --key input_data >> full_config.yaml\n"
    outs:
    - path: full_config.yaml
      hash: md5
      md5: 54229e365583b691faa5fc3a5fd8536a
      size: 4592
  input_data/fetch_data@alg:
    cmd: ocb-dc_ose_2021-input_data 'to_run=[_01_dl_track]' params.sat=alg
    deps:
    - path: ../ocb_dc_ose_2021/pipelines/input_data.py
      hash: md5
      md5: 884e57974c038af61fc9378806eb2e6e
      size: 1743
    params:
      full_config.yaml:
        input_data.stages._01_dl_track:
          _partial_: true
          _target_: copernicusmarine.python_interface.get.get
          dataset_id:
            _target_: ocb_dc_ose_2021.mods.cmems_get.duacs_l3
            sat:
          force_download: true
          output_directory: data/downloads/input/None
          overwrite_output_data: true
          regex:
            _target_: ocb_dc_ose_2021.mods.cmems_get.month_regex_from_date
            max_time: '2018-02-01'
            min_time: '2016-12-01'
    outs:
    - path: data/downloads/input/alg
      hash: md5
      md5: 866ba8fa07117cb1402a10d96b468414.dir
      size: 217871259
      nfiles: 455
  input_data/fetch_data@h2ag:
    cmd: ocb-dc_ose_2021-input_data 'to_run=[_01_dl_track]' params.sat=h2ag
    deps:
    - path: ../ocb_dc_ose_2021/pipelines/input_data.py
      hash: md5
      md5: 884e57974c038af61fc9378806eb2e6e
      size: 1743
    params:
      full_config.yaml:
        input_data.stages._01_dl_track:
          _partial_: true
          _target_: copernicusmarine.python_interface.get.get
          dataset_id:
            _target_: ocb_dc_ose_2021.mods.cmems_get.duacs_l3
            sat:
          force_download: true
          output_directory: data/downloads/input/None
          overwrite_output_data: true
          regex:
            _target_: ocb_dc_ose_2021.mods.cmems_get.month_regex_from_date
            max_time: '2018-02-01'
            min_time: '2016-12-01'
    outs:
    - path: data/downloads/input/h2ag
      hash: md5
      md5: 8a0b36d0aaa0631b071c0175e19aeab4.dir
      size: 199097299
      nfiles: 426
  input_data/fetch_data@j2g:
    cmd: ocb-dc_ose_2021-input_data 'to_run=[_01_dl_track]' params.sat=j2g
    deps:
    - path: ../ocb_dc_ose_2021/pipelines/input_data.py
      hash: md5
      md5: 884e57974c038af61fc9378806eb2e6e
      size: 1743
    params:
      full_config.yaml:
        input_data.stages._01_dl_track:
          _partial_: true
          _target_: copernicusmarine.python_interface.get.get
          dataset_id:
            _target_: ocb_dc_ose_2021.mods.cmems_get.duacs_l3
            sat:
          force_download: true
          output_directory: data/downloads/input/None
          overwrite_output_data: true
          regex:
            _target_: ocb_dc_ose_2021.mods.cmems_get.month_regex_from_date
            max_time: '2018-02-01'
            min_time: '2016-12-01'
    outs:
    - path: data/downloads/input/j2g
      hash: md5
      md5: fa0c07ef89946f75f8c3e70e097a4f95.dir
      size: 35978027
      nfiles: 66
  input_data/fetch_data@j2n:
    cmd: ocb-dc_ose_2021-input_data 'to_run=[_01_dl_track]' params.sat=j2n
    deps:
    - path: ../ocb_dc_ose_2021/pipelines/input_data.py
      hash: md5
      md5: 884e57974c038af61fc9378806eb2e6e
      size: 1743
    params:
      full_config.yaml:
        input_data.stages._01_dl_track:
          _partial_: true
          _target_: copernicusmarine.python_interface.get.get
          dataset_id:
            _target_: ocb_dc_ose_2021.mods.cmems_get.duacs_l3
            sat:
          force_download: true
          output_directory: data/downloads/input/None
          overwrite_output_data: true
          regex:
            _target_: ocb_dc_ose_2021.mods.cmems_get.month_regex_from_date
            max_time: '2018-02-01'
            min_time: '2016-12-01'
    outs:
    - path: data/downloads/input/j2n
      hash: md5
      md5: c362563b0c734fe15e964e2d0e9c4162.dir
      size: 57152450
      nfiles: 110
  input_data/fetch_data@j3:
    cmd: ocb-dc_ose_2021-input_data 'to_run=[_01_dl_track]' params.sat=j3
    deps:
    - path: ../ocb_dc_ose_2021/pipelines/input_data.py
      hash: md5
      md5: 884e57974c038af61fc9378806eb2e6e
      size: 1743
    params:
      full_config.yaml:
        input_data.stages._01_dl_track:
          _partial_: true
          _target_: copernicusmarine.python_interface.get.get
          dataset_id:
            _target_: ocb_dc_ose_2021.mods.cmems_get.duacs_l3
            sat:
          force_download: true
          output_directory: data/downloads/input/None
          overwrite_output_data: true
          regex:
            _target_: ocb_dc_ose_2021.mods.cmems_get.month_regex_from_date
            max_time: '2018-02-01'
            min_time: '2016-12-01'
    outs:
    - path: data/downloads/input/j3
      hash: md5
      md5: cf2d2fd113f6ff0a3454acb87fb25ee8.dir
      size: 242218685
      nfiles: 455
  input_data/fetch_data@s3a:
    cmd: ocb-dc_ose_2021-input_data 'to_run=[_01_dl_track]' params.sat=s3a
    deps:
    - path: ../ocb_dc_ose_2021/pipelines/input_data.py
      hash: md5
      md5: 884e57974c038af61fc9378806eb2e6e
      size: 1743
    params:
      full_config.yaml:
        input_data.stages._01_dl_track:
          _partial_: true
          _target_: copernicusmarine.python_interface.get.get
          dataset_id:
            _target_: ocb_dc_ose_2021.mods.cmems_get.duacs_l3
            sat:
          force_download: true
          output_directory: data/downloads/input/None
          overwrite_output_data: true
          regex:
            _target_: ocb_dc_ose_2021.mods.cmems_get.month_regex_from_date
            max_time: '2018-02-01'
            min_time: '2016-12-01'
    outs:
    - path: data/downloads/input/s3a
      hash: md5
      md5: 5f8834f5f811bbe275036b9649e48de6.dir
      size: 218603977
      nfiles: 455
  input_data/filter_and_merge@alg:
    cmd: "ocb-dc_ose_2021-input_data 'to_run=[_02_prepare_track]' params.sat=alg\n"
    deps:
    - path: ../ocb_dc_ose_2021/pipelines/input_data.py
      hash: md5
      md5: 884e57974c038af61fc9378806eb2e6e
      size: 1743
    - path: data/downloads/input/alg
      hash: md5
      md5: 866ba8fa07117cb1402a10d96b468414.dir
      size: 217871259
      nfiles: 455
    params:
      full_config.yaml:
        input_data.stages._02_prepare_track:
          _partial_: true
          _target_: ocb_dc_ose_2021.mods.prepare_track.prepare_track
          input_paths:
            _target_: ocb_dc_ose_2021.mods.prepare_track.sorted_glob
            pathname: data/downloads/input/None/**/*.nc
          output_path: data/prepared/input/None.nc
          preprocess:
            _partial_: true
            _target_: ocb_dc_ose_2021.mods.prepare_track.preprocess_track
            max_lat: 44.0
            max_lon: -54.0
            max_time: '2018-02-01'
            min_lat: 32.0
            min_lon: -66.0
            min_time: '2016-12-01'
    outs:
    - path: data/prepared/input/alg.nc
      hash: md5
      md5: 4c50d94ddc382dd5b8a7342f8b9287ee
      size: 2511152
  input_data/filter_and_merge@h2ag:
    cmd: "ocb-dc_ose_2021-input_data 'to_run=[_02_prepare_track]' params.sat=h2ag\n"
    deps:
    - path: ../ocb_dc_ose_2021/pipelines/input_data.py
      hash: md5
      md5: 884e57974c038af61fc9378806eb2e6e
      size: 1743
    - path: data/downloads/input/h2ag
      hash: md5
      md5: 8a0b36d0aaa0631b071c0175e19aeab4.dir
      size: 199097299
      nfiles: 426
    params:
      full_config.yaml:
        input_data.stages._02_prepare_track:
          _partial_: true
          _target_: ocb_dc_ose_2021.mods.prepare_track.prepare_track
          input_paths:
            _target_: ocb_dc_ose_2021.mods.prepare_track.sorted_glob
            pathname: data/downloads/input/None/**/*.nc
          output_path: data/prepared/input/None.nc
          preprocess:
            _partial_: true
            _target_: ocb_dc_ose_2021.mods.prepare_track.preprocess_track
            max_lat: 44.0
            max_lon: -54.0
            max_time: '2018-02-01'
            min_lat: 32.0
            min_lon: -66.0
            min_time: '2016-12-01'
    outs:
    - path: data/prepared/input/h2ag.nc
      hash: md5
      md5: e35f672af560b4ff29b99db36db69d02
      size: 2324333
  input_data/filter_and_merge@j2g:
    cmd: "ocb-dc_ose_2021-input_data 'to_run=[_02_prepare_track]' params.sat=j2g\n"
    deps:
    - path: ../ocb_dc_ose_2021/pipelines/input_data.py
      hash: md5
      md5: 884e57974c038af61fc9378806eb2e6e
      size: 1743
    - path: data/downloads/input/j2g
      hash: md5
      md5: fa0c07ef89946f75f8c3e70e097a4f95.dir
      size: 35978027
      nfiles: 66
    params:
      full_config.yaml:
        input_data.stages._02_prepare_track:
          _partial_: true
          _target_: ocb_dc_ose_2021.mods.prepare_track.prepare_track
          input_paths:
            _target_: ocb_dc_ose_2021.mods.prepare_track.sorted_glob
            pathname: data/downloads/input/None/**/*.nc
          output_path: data/prepared/input/None.nc
          preprocess:
            _partial_: true
            _target_: ocb_dc_ose_2021.mods.prepare_track.preprocess_track
            max_lat: 44.0
            max_lon: -54.0
            max_time: '2018-02-01'
            min_lat: 32.0
            min_lon: -66.0
            min_time: '2016-12-01'
    outs:
    - path: data/prepared/input/j2g.nc
      hash: md5
      md5: faa820faab2c9f2bfbef69c6aabae77e
      size: 465072
  input_data/filter_and_merge@j2n:
    cmd: "ocb-dc_ose_2021-input_data 'to_run=[_02_prepare_track]' params.sat=j2n\n"
    deps:
    - path: ../ocb_dc_ose_2021/pipelines/input_data.py
      hash: md5
      md5: 884e57974c038af61fc9378806eb2e6e
      size: 1743
    - path: data/downloads/input/j2n
      hash: md5
      md5: c362563b0c734fe15e964e2d0e9c4162.dir
      size: 57152450
      nfiles: 110
    params:
      full_config.yaml:
        input_data.stages._02_prepare_track:
          _partial_: true
          _target_: ocb_dc_ose_2021.mods.prepare_track.prepare_track
          input_paths:
            _target_: ocb_dc_ose_2021.mods.prepare_track.sorted_glob
            pathname: data/downloads/input/None/**/*.nc
          output_path: data/prepared/input/None.nc
          preprocess:
            _partial_: true
            _target_: ocb_dc_ose_2021.mods.prepare_track.preprocess_track
            max_lat: 44.0
            max_lon: -54.0
            max_time: '2018-02-01'
            min_lat: 32.0
            min_lon: -66.0
            min_time: '2016-12-01'
    outs:
    - path: data/prepared/input/j2n.nc
      hash: md5
      md5: ea743b0b527698cc1ed1690e5deb0f28
      size: 719878
  input_data/filter_and_merge@j3:
    cmd: "ocb-dc_ose_2021-input_data 'to_run=[_02_prepare_track]' params.sat=j3\n"
    deps:
    - path: ../ocb_dc_ose_2021/pipelines/input_data.py
      hash: md5
      md5: 884e57974c038af61fc9378806eb2e6e
      size: 1743
    - path: data/downloads/input/j3
      hash: md5
      md5: cf2d2fd113f6ff0a3454acb87fb25ee8.dir
      size: 242218685
      nfiles: 455
    params:
      full_config.yaml:
        input_data.stages._02_prepare_track:
          _partial_: true
          _target_: ocb_dc_ose_2021.mods.prepare_track.prepare_track
          input_paths:
            _target_: ocb_dc_ose_2021.mods.prepare_track.sorted_glob
            pathname: data/downloads/input/None/**/*.nc
          output_path: data/prepared/input/None.nc
          preprocess:
            _partial_: true
            _target_: ocb_dc_ose_2021.mods.prepare_track.preprocess_track
            max_lat: 44.0
            max_lon: -54.0
            max_time: '2018-02-01'
            min_lat: 32.0
            min_lon: -66.0
            min_time: '2016-12-01'
    outs:
    - path: data/prepared/input/j3.nc
      hash: md5
      md5: cdaf7d35672d583804b0f4dc1f94ea1e
      size: 2773776
  input_data/filter_and_merge@s3a:
    cmd: "ocb-dc_ose_2021-input_data 'to_run=[_02_prepare_track]' params.sat=s3a\n"
    deps:
    - path: ../ocb_dc_ose_2021/pipelines/input_data.py
      hash: md5
      md5: 884e57974c038af61fc9378806eb2e6e
      size: 1743
    - path: data/downloads/input/s3a
      hash: md5
      md5: 5f8834f5f811bbe275036b9649e48de6.dir
      size: 218603977
      nfiles: 455
    params:
      full_config.yaml:
        input_data.stages._02_prepare_track:
          _partial_: true
          _target_: ocb_dc_ose_2021.mods.prepare_track.prepare_track
          input_paths:
            _target_: ocb_dc_ose_2021.mods.prepare_track.sorted_glob
            pathname: data/downloads/input/None/**/*.nc
          output_path: data/prepared/input/None.nc
          preprocess:
            _partial_: true
            _target_: ocb_dc_ose_2021.mods.prepare_track.preprocess_track
            max_lat: 44.0
            max_lon: -54.0
            max_time: '2018-02-01'
            min_lat: 32.0
            min_lon: -66.0
            min_time: '2016-12-01'
    outs:
    - path: data/prepared/input/s3a.nc
      hash: md5
      md5: 5a4206428e0b95266821587918c76b63
      size: 2602448
  diagnostics/method_output@4dvarnet:
    cmd: "mkdir -p data/downloads/method_outputs\nwget https://s3.eu-west-2.wasabisys.com/oceanbench-data-registry/dvc/a5/2381e9409cb7c6cf9be980bda9aced
      -nc -O 'data/downloads/method_outputs/4dvarnet.nc'\n"
    params:
      methods.toml:
        methods.4dvarnet:
          url: 
            https://s3.eu-west-2.wasabisys.com/oceanbench-data-registry/dvc/a5/2381e9409cb7c6cf9be980bda9aced
          var: rec_ssh
    outs:
    - path: data/downloads/method_outputs/4dvarnet.nc
      hash: md5
      md5: a52381e9409cb7c6cf9be980bda9aced
      size: 590300748
  diagnostics/method_output@duacs:
    cmd: "mkdir -p data/downloads/method_outputs\nwget https://s3.eu-west-2.wasabisys.com/oceanbench-data-registry/dvc/95/7d74696fbf5f2b6d0c528757951b8a
      -nc -O 'data/downloads/method_outputs/duacs.nc'\n"
    params:
      methods.toml:
        methods.duacs:
          url: 
            https://s3.eu-west-2.wasabisys.com/oceanbench-data-registry/dvc/95/7d74696fbf5f2b6d0c528757951b8a
          var: ssh
    outs:
    - path: data/downloads/method_outputs/duacs.nc
      hash: md5
      md5: 957d74696fbf5f2b6d0c528757951b8a
      size: 4684262
  diagnostics/fetch_reference_data:
    cmd: ocb-dc_ose_2021-metrics 'to_run=[_01_dl_track]'
    deps:
    - path: ../ocb_dc_ose_2021/pipelines/metrics.py
      hash: md5
      md5: fab002dc2a5d2fde86d26cbe409cd6ce
      size: 3321
    params:
      full_config.yaml:
        metrics.stages._01_dl_track:
          _partial_: true
          _target_: copernicusmarine.python_interface.get.get
          dataset_id:
            _target_: ocb_dc_ose_2021.mods.cmems_get.duacs_l3
            sat: c2
          force_download: true
          output_directory: data/downloads/ref/c2
          overwrite_output_data: true
          regex:
            _target_: ocb_dc_ose_2021.mods.cmems_get.month_regex_from_date
            max_time: '2017-12-31'
            min_time: '2017-01-01'
    outs:
    - path: data/downloads/ref/c2
      hash: md5
      md5: 8e65579c4dc11a00e6d3dde2c686105c.dir
      size: 165073748
      nfiles: 362
  diagnostics/filter_and_merge_ref:
    cmd: ocb-dc_ose_2021-metrics 'to_run=[_02_prepare_track]'
    deps:
    - path: ../ocb_dc_ose_2021/pipelines/metrics.py
      hash: md5
      md5: fab002dc2a5d2fde86d26cbe409cd6ce
      size: 3321
    - path: data/downloads/ref/c2
      hash: md5
      md5: 8e65579c4dc11a00e6d3dde2c686105c.dir
      size: 165073748
      nfiles: 362
    params:
      full_config.yaml:
        metrics.stages._02_prepare_track:
          _partial_: true
          _target_: ocb_dc_ose_2021.mods.prepare_track.prepare_track
          input_paths:
            _target_: ocb_dc_ose_2021.mods.prepare_track.sorted_glob
            pathname: data/downloads/ref/c2/**/*.nc
          output_path: data/prepared/ref/c2.nc
          preprocess:
            _partial_: true
            _target_: ocb_dc_ose_2021.mods.prepare_track.preprocess_track
            max_lat: 43.0
            max_lon: -55.0
            max_time: '2017-12-31'
            min_lat: 33.0
            min_lon: -65.0
            min_time: '2017-01-01'
    outs:
    - path: data/prepared/ref/c2.nc
      hash: md5
      md5: c7a10e1b022a97856c4f6e5f85f497a6
      size: 1589616
  diagnostics/interp_on_track@4dvarnet:
    cmd: ocb-dc_ose_2021-metrics 'to_run=[_03_interp_on_track]' 'params.study_var=rec_ssh'
      'params.method=4dvarnet'
    deps:
    - path: ../ocb_dc_ose_2021/pipelines/metrics.py
      hash: md5
      md5: fab002dc2a5d2fde86d26cbe409cd6ce
      size: 3321
    - path: data/downloads/method_outputs/4dvarnet.nc
      hash: md5
      md5: a52381e9409cb7c6cf9be980bda9aced
      size: 590300748
    - path: data/prepared/ref/c2.nc
      hash: md5
      md5: c7a10e1b022a97856c4f6e5f85f497a6
      size: 1589616
    params:
      full_config.yaml:
        metrics.stages._03_interp_on_track:
          _partial_: true
          _target_: ocb_dc_ose_2021.mods.interp_on_track.interp_on_track
          grid_paths: data/downloads/method_outputs/default.nc
          output_path: data/prepared/method_outputs/default_on_track.nc
          preprocess_grid:
            _partial_: true
            _target_: ocb_dc_ose_2021.mods.interp_on_track.preprocess_map
            ssh_var: ssh
          preprocess_track:
          track_paths: data/prepared/ref/c2.nc
      methods.toml:
        methods.4dvarnet:
          url: 
            https://s3.eu-west-2.wasabisys.com/oceanbench-data-registry/dvc/a5/2381e9409cb7c6cf9be980bda9aced
          var: rec_ssh
    outs:
    - path: data/prepared/method_outputs/4dvarnet_on_track.nc
      hash: md5
      md5: cda1c0863641113902798b00dac4800e
      size: 1581680
  diagnostics/interp_on_track@duacs:
    cmd: ocb-dc_ose_2021-metrics 'to_run=[_03_interp_on_track]' 'params.study_var=ssh'
      'params.method=duacs'
    deps:
    - path: ../ocb_dc_ose_2021/pipelines/metrics.py
      hash: md5
      md5: fab002dc2a5d2fde86d26cbe409cd6ce
      size: 3321
    - path: data/downloads/method_outputs/duacs.nc
      hash: md5
      md5: 957d74696fbf5f2b6d0c528757951b8a
      size: 4684262
    - path: data/prepared/ref/c2.nc
      hash: md5
      md5: c7a10e1b022a97856c4f6e5f85f497a6
      size: 1589616
    params:
      full_config.yaml:
        metrics.stages._03_interp_on_track:
          _partial_: true
          _target_: ocb_dc_ose_2021.mods.interp_on_track.interp_on_track
          grid_paths: data/downloads/method_outputs/default.nc
          output_path: data/prepared/method_outputs/default_on_track.nc
          preprocess_grid:
            _partial_: true
            _target_: ocb_dc_ose_2021.mods.interp_on_track.preprocess_map
            ssh_var: ssh
          preprocess_track:
          track_paths: data/prepared/ref/c2.nc
      methods.toml:
        methods.duacs:
          url: 
            https://s3.eu-west-2.wasabisys.com/oceanbench-data-registry/dvc/95/7d74696fbf5f2b6d0c528757951b8a
          var: ssh
    outs:
    - path: data/prepared/method_outputs/duacs_on_track.nc
      hash: md5
      md5: c8717b786915caf37192654db187ac64
      size: 1581683
  diagnostics/metric_lambdax@4dvarnet:
    cmd: ocb-dc_ose_2021-metrics 'to_run=[_04_1_lambdax]' 'params.study_var=rec_ssh'
      'params.method=4dvarnet'
    deps:
    - path: ../ocb_dc_ose_2021/pipelines/metrics.py
      hash: md5
      md5: fab002dc2a5d2fde86d26cbe409cd6ce
      size: 3321
    - path: data/prepared/method_outputs/4dvarnet_on_track.nc
      hash: md5
      md5: cda1c0863641113902798b00dac4800e
      size: 1581680
    - path: data/prepared/ref/c2.nc
      hash: md5
      md5: c7a10e1b022a97856c4f6e5f85f497a6
      size: 1589616
    params:
      full_config.yaml:
        metrics.stages._04_1_lambdax:
          _partial_: true
          _target_: ocb_dc_ose_2021.mods.lambdax.lambdax
          delta_t: 0.9434
          length_scale: 1000.0
          output_lambdax_path: data/metrics/lambdax_default.json
          output_psd_path: data/prepared/method_outputs/psd_default.nc
          preprocess_ref:
            _target_: aprl.utils.kw2a
            fn:
              _target_: hydra_zen.funcs.get_obj
              path: operator.itemgetter
            ssh_var: ssh
          preprocess_study:
            _target_: aprl.utils.kw2a
            fn:
              _target_: hydra_zen.funcs.get_obj
              path: operator.itemgetter
            ssh_var: ssh
          ref_paths: data/prepared/ref/c2.nc
          segment_overlapping: 0.25
          study_paths: data/prepared/method_outputs/default_on_track.nc
          velocity: 6.77
      methods.toml:
        methods.4dvarnet:
          url: 
            https://s3.eu-west-2.wasabisys.com/oceanbench-data-registry/dvc/a5/2381e9409cb7c6cf9be980bda9aced
          var: rec_ssh
    outs:
    - path: data/metrics/lambdax_4dvarnet.json
      hash: md5
      md5: e5986cf8adcbc1fc86634fab46e669bb
      size: 36
    - path: data/prepared/method_outputs/psd_4dvarnet.nc
      hash: md5
      md5: 79f4b93c4c922b496e0c17bb27a16c8e
      size: 8954
  diagnostics/metric_lambdax@duacs:
    cmd: ocb-dc_ose_2021-metrics 'to_run=[_04_1_lambdax]' 'params.study_var=ssh' 'params.method=duacs'
    deps:
    - path: ../ocb_dc_ose_2021/pipelines/metrics.py
      hash: md5
      md5: fab002dc2a5d2fde86d26cbe409cd6ce
      size: 3321
    - path: data/prepared/method_outputs/duacs_on_track.nc
      hash: md5
      md5: c8717b786915caf37192654db187ac64
      size: 1581683
    - path: data/prepared/ref/c2.nc
      hash: md5
      md5: c7a10e1b022a97856c4f6e5f85f497a6
      size: 1589616
    params:
      full_config.yaml:
        metrics.stages._04_1_lambdax:
          _partial_: true
          _target_: ocb_dc_ose_2021.mods.lambdax.lambdax
          delta_t: 0.9434
          length_scale: 1000.0
          output_lambdax_path: data/metrics/lambdax_default.json
          output_psd_path: data/prepared/method_outputs/psd_default.nc
          preprocess_ref:
            _target_: aprl.utils.kw2a
            fn:
              _target_: hydra_zen.funcs.get_obj
              path: operator.itemgetter
            ssh_var: ssh
          preprocess_study:
            _target_: aprl.utils.kw2a
            fn:
              _target_: hydra_zen.funcs.get_obj
              path: operator.itemgetter
            ssh_var: ssh
          ref_paths: data/prepared/ref/c2.nc
          segment_overlapping: 0.25
          study_paths: data/prepared/method_outputs/default_on_track.nc
          velocity: 6.77
      methods.toml:
        methods.duacs:
          url: 
            https://s3.eu-west-2.wasabisys.com/oceanbench-data-registry/dvc/95/7d74696fbf5f2b6d0c528757951b8a
          var: ssh
    outs:
    - path: data/metrics/lambdax_duacs.json
      hash: md5
      md5: 04308d2ded378bbe3fe473a7def73cea
      size: 36
    - path: data/prepared/method_outputs/psd_duacs.nc
      hash: md5
      md5: bb2a5a598b19cfa31fabd6636fdef624
      size: 8954
  diagnostics/metric_mu@4dvarnet:
    cmd: ocb-dc_ose_2021-metrics 'to_run=[_04_2_mu]' 'params.study_var=rec_ssh' 'params.method=4dvarnet'
    deps:
    - path: ../ocb_dc_ose_2021/pipelines/metrics.py
      hash: md5
      md5: fab002dc2a5d2fde86d26cbe409cd6ce
      size: 3321
    - path: data/prepared/method_outputs/4dvarnet_on_track.nc
      hash: md5
      md5: cda1c0863641113902798b00dac4800e
      size: 1581680
    - path: data/prepared/ref/c2.nc
      hash: md5
      md5: c7a10e1b022a97856c4f6e5f85f497a6
      size: 1589616
    params:
      full_config.yaml:
        metrics.stages._04_2_mu:
          _partial_: true
          _target_: ocb_dc_ose_2021.mods.mu.mu
          output_path: data/metrics/mu_default.json
          preprocess_ref:
            _target_: aprl.utils.kw2a
            fn:
              _target_: hydra_zen.funcs.get_obj
              path: operator.itemgetter
            ssh_var: ssh
          preprocess_study:
            _args_:
            - _target_: hydra_zen.funcs.get_obj
              path: operator.itemgetter
            _target_: aprl.utils.kw2a
            ssh_var: ssh
          ref_paths: data/prepared/ref/c2.nc
          study_paths: data/prepared/method_outputs/default_on_track.nc
      methods.toml:
        methods.4dvarnet:
          url: 
            https://s3.eu-west-2.wasabisys.com/oceanbench-data-registry/dvc/a5/2381e9409cb7c6cf9be980bda9aced
          var: rec_ssh
    outs:
    - path: data/metrics/mu_4dvarnet.json
      hash: md5
      md5: e190d3fdfc159f5503d06e739b8a84de
      size: 30
  diagnostics/metric_mu@duacs:
    cmd: ocb-dc_ose_2021-metrics 'to_run=[_04_2_mu]' 'params.study_var=ssh' 'params.method=duacs'
    deps:
    - path: ../ocb_dc_ose_2021/pipelines/metrics.py
      hash: md5
      md5: fab002dc2a5d2fde86d26cbe409cd6ce
      size: 3321
    - path: data/prepared/method_outputs/duacs_on_track.nc
      hash: md5
      md5: c8717b786915caf37192654db187ac64
      size: 1581683
    - path: data/prepared/ref/c2.nc
      hash: md5
      md5: c7a10e1b022a97856c4f6e5f85f497a6
      size: 1589616
    params:
      full_config.yaml:
        metrics.stages._04_2_mu:
          _partial_: true
          _target_: ocb_dc_ose_2021.mods.mu.mu
          output_path: data/metrics/mu_default.json
          preprocess_ref:
            _target_: aprl.utils.kw2a
            fn:
              _target_: hydra_zen.funcs.get_obj
              path: operator.itemgetter
            ssh_var: ssh
          preprocess_study:
            _args_:
            - _target_: hydra_zen.funcs.get_obj
              path: operator.itemgetter
            _target_: aprl.utils.kw2a
            ssh_var: ssh
          ref_paths: data/prepared/ref/c2.nc
          study_paths: data/prepared/method_outputs/default_on_track.nc
      methods.toml:
        methods.duacs:
          url: 
            https://s3.eu-west-2.wasabisys.com/oceanbench-data-registry/dvc/95/7d74696fbf5f2b6d0c528757951b8a
          var: ssh
    outs:
    - path: data/metrics/mu_duacs.json
      hash: md5
      md5: 282e18bad1816b41ac9b1857271ee87f
      size: 30
  diagnostics/method_output@bfn:
    cmd: "mkdir -p data/downloads/method_outputs\nwget https://s3.eu-west-2.wasabisys.com/oceanbench-data-registry/dvc/29/6781b126d905e98b82dac9bcecf57e
      -nc -O 'data/downloads/method_outputs/bfn.nc'\n"
    params:
      methods.toml:
        methods.bfn:
          url: 
            https://s3.eu-west-2.wasabisys.com/oceanbench-data-registry/dvc/29/6781b126d905e98b82dac9bcecf57e
          var: ssh
    outs:
    - path: data/downloads/method_outputs/bfn.nc
      hash: md5
      md5: 296781b126d905e98b82dac9bcecf57e
      size: 700845764
  diagnostics/interp_on_track@bfn:
    cmd: ocb-dc_ose_2021-metrics 'to_run=[_03_interp_on_track]' 'params.study_var=ssh'
      'params.method=bfn'
    deps:
    - path: ../ocb_dc_ose_2021/pipelines/metrics.py
      hash: md5
      md5: fab002dc2a5d2fde86d26cbe409cd6ce
      size: 3321
    - path: data/downloads/method_outputs/bfn.nc
      hash: md5
      md5: 296781b126d905e98b82dac9bcecf57e
      size: 700845764
    - path: data/prepared/ref/c2.nc
      hash: md5
      md5: c7a10e1b022a97856c4f6e5f85f497a6
      size: 1589616
    params:
      full_config.yaml:
        metrics.stages._03_interp_on_track:
          _partial_: true
          _target_: ocb_dc_ose_2021.mods.interp_on_track.interp_on_track
          grid_paths: data/downloads/method_outputs/default.nc
          output_path: data/prepared/method_outputs/default_on_track.nc
          preprocess_grid:
            _partial_: true
            _target_: ocb_dc_ose_2021.mods.interp_on_track.preprocess_map
            ssh_var: ssh
          preprocess_track:
          track_paths: data/prepared/ref/c2.nc
      methods.toml:
        methods.bfn:
          url: 
            https://s3.eu-west-2.wasabisys.com/oceanbench-data-registry/dvc/29/6781b126d905e98b82dac9bcecf57e
          var: ssh
    outs:
    - path: data/prepared/method_outputs/bfn_on_track.nc
      hash: md5
      md5: 6342ffac64d439d5202c041b058824e6
      size: 1581683
  diagnostics/metric_lambdax@bfn:
    cmd: ocb-dc_ose_2021-metrics 'to_run=[_04_1_lambdax]' 'params.study_var=ssh' 'params.method=bfn'
    deps:
    - path: ../ocb_dc_ose_2021/pipelines/metrics.py
      hash: md5
      md5: fab002dc2a5d2fde86d26cbe409cd6ce
      size: 3321
    - path: data/prepared/method_outputs/bfn_on_track.nc
      hash: md5
      md5: 6342ffac64d439d5202c041b058824e6
      size: 1581683
    - path: data/prepared/ref/c2.nc
      hash: md5
      md5: c7a10e1b022a97856c4f6e5f85f497a6
      size: 1589616
    params:
      full_config.yaml:
        metrics.stages._04_1_lambdax:
          _partial_: true
          _target_: ocb_dc_ose_2021.mods.lambdax.lambdax
          delta_t: 0.9434
          length_scale: 1000.0
          output_lambdax_path: data/metrics/lambdax_default.json
          output_psd_path: data/prepared/method_outputs/psd_default.nc
          preprocess_ref:
            _target_: aprl.utils.kw2a
            fn:
              _target_: hydra_zen.funcs.get_obj
              path: operator.itemgetter
            ssh_var: ssh
          preprocess_study:
            _target_: aprl.utils.kw2a
            fn:
              _target_: hydra_zen.funcs.get_obj
              path: operator.itemgetter
            ssh_var: ssh
          ref_paths: data/prepared/ref/c2.nc
          segment_overlapping: 0.25
          study_paths: data/prepared/method_outputs/default_on_track.nc
          velocity: 6.77
      methods.toml:
        methods.bfn:
          url: 
            https://s3.eu-west-2.wasabisys.com/oceanbench-data-registry/dvc/29/6781b126d905e98b82dac9bcecf57e
          var: ssh
    outs:
    - path: data/metrics/lambdax_bfn.json
      hash: md5
      md5: 8187cc9f8df2bc0c506fd1a7506b6345
      size: 36
    - path: data/prepared/method_outputs/psd_bfn.nc
      hash: md5
      md5: 0605ef1ba2a23ad02f249333ce532c0b
      size: 8954
  diagnostics/metric_mu@bfn:
    cmd: ocb-dc_ose_2021-metrics 'to_run=[_04_2_mu]' 'params.study_var=ssh' 'params.method=bfn'
    deps:
    - path: ../ocb_dc_ose_2021/pipelines/metrics.py
      hash: md5
      md5: fab002dc2a5d2fde86d26cbe409cd6ce
      size: 3321
    - path: data/prepared/method_outputs/bfn_on_track.nc
      hash: md5
      md5: 6342ffac64d439d5202c041b058824e6
      size: 1581683
    - path: data/prepared/ref/c2.nc
      hash: md5
      md5: c7a10e1b022a97856c4f6e5f85f497a6
      size: 1589616
    params:
      full_config.yaml:
        metrics.stages._04_2_mu:
          _partial_: true
          _target_: ocb_dc_ose_2021.mods.mu.mu
          output_path: data/metrics/mu_default.json
          preprocess_ref:
            _target_: aprl.utils.kw2a
            fn:
              _target_: hydra_zen.funcs.get_obj
              path: operator.itemgetter
            ssh_var: ssh
          preprocess_study:
            _args_:
            - _target_: hydra_zen.funcs.get_obj
              path: operator.itemgetter
            _target_: aprl.utils.kw2a
            ssh_var: ssh
          ref_paths: data/prepared/ref/c2.nc
          study_paths: data/prepared/method_outputs/default_on_track.nc
      methods.toml:
        methods.bfn:
          url: 
            https://s3.eu-west-2.wasabisys.com/oceanbench-data-registry/dvc/29/6781b126d905e98b82dac9bcecf57e
          var: ssh
    outs:
    - path: data/metrics/mu_bfn.json
      hash: md5
      md5: fef8ab691c27a40167cb8cae7bd0c2f9
      size: 30
